// !$*UTF8*$!
{
	archiveVersion = 1;
	classes = {
	};
	objectVersion = 56;
	objects = {

/* Begin PBXBuildFile section */
		1BB5C7F72B5C954100CFE2A9 /* DiscountSteamApp.swift in Sources */ = {isa = PBXBuildFile; fileRef = 1BB5C7F62B5C954100CFE2A9 /* DiscountSteamApp.swift */; };
		1BB5C7F92B5C954100CFE2A9 /* ContentView.swift in Sources */ = {isa = PBXBuildFile; fileRef = 1BB5C7F82B5C954100CFE2A9 /* ContentView.swift */; };
		1BB5C7FB2B5C954400CFE2A9 /* Assets.xcassets in Resources */ = {isa = PBXBuildFile; fileRef = 1BB5C7FA2B5C954400CFE2A9 /* Assets.xcassets */; };
		1BB5C7FF2B5C954400CFE2A9 /* Preview Assets.xcassets in Resources */ = {isa = PBXBuildFile; fileRef = 1BB5C7FE2B5C954400CFE2A9 /* Preview Assets.xcassets */; };
		1BB5C8092B5C954400CFE2A9 /* DiscountSteamTests.swift in Sources */ = {isa = PBXBuildFile; fileRef = 1BB5C8082B5C954400CFE2A9 /* DiscountSteamTests.swift */; };
		1BB5C8132B5C954400CFE2A9 /* DiscountSteamUITests.swift in Sources */ = {isa = PBXBuildFile; fileRef = 1BB5C8122B5C954400CFE2A9 /* DiscountSteamUITests.swift */; };
		1BB5C8152B5C954400CFE2A9 /* DiscountSteamUITestsLaunchTests.swift in Sources */ = {isa = PBXBuildFile; fileRef = 1BB5C8142B5C954400CFE2A9 /* DiscountSteamUITestsLaunchTests.swift */; };
		1BB5C8222B5C95B200CFE2A9 /* Games.swift in Sources */ = {isa = PBXBuildFile; fileRef = 1BB5C8212B5C95B200CFE2A9 /* Games.swift */; };
/* End PBXBuildFile section */

/* Begin PBXContainerItemProxy section */
		1BB5C8052B5C954400CFE2A9 /* PBXContainerItemProxy */ = {
			isa = PBXContainerItemProxy;
			containerPortal = 1BB5C7EB2B5C954100CFE2A9 /* Project object */;
			proxyType = 1;
			remoteGlobalIDString = 1BB5C7F22B5C954100CFE2A9;
			remoteInfo = DiscountSteam;
		};
		1BB5C80F2B5C954400CFE2A9 /* PBXContainerItemProxy */ = {
			isa = PBXContainerItemProxy;
			containerPortal = 1BB5C7EB2B5C954100CFE2A9 /* Project object */;
			proxyType = 1;
			remoteGlobalIDString = 1BB5C7F22B5C954100CFE2A9;
			remoteInfo = DiscountSteam;
		};
/* End PBXContainerItemProxy section */

/* Begin PBXFileReference section */
		1BB5C7F32B5C954100CFE2A9 /* DiscountSteam.app */ = {isa = PBXFileReference; explicitFileType = wrapper.application; includeInIndex = 0; path = DiscountSteam.app; sourceTree = BUILT_PRODUCTS_DIR; };
		1BB5C7F62B5C954100CFE2A9 /* DiscountSteamApp.swift */ = {isa = PBXFileReference; lastKnownFileType = sourcecode.swift; path = DiscountSteamApp.swift; sourceTree = "<group>"; };
		1BB5C7F82B5C954100CFE2A9 /* ContentView.swift */ = {isa = PBXFileReference; lastKnownFileType = sourcecode.swift; path = ContentView.swift; sourceTree = "<group>"; };
		1BB5C7FA2B5C954400CFE2A9 /* Assets.xcassets */ = {isa = PBXFileReference; lastKnownFileType = folder.assetcatalog; path = Assets.xcassets; sourceTree = "<group>"; };
		1BB5C7FC2B5C954400CFE2A9 /* DiscountSteam.entitlements */ = {isa = PBXFileReference; lastKnownFileType = text.plist.entitlements; path = DiscountSteam.entitlements; sourceTree = "<group>"; };
		1BB5C7FE2B5C954400CFE2A9 /* Preview Assets.xcassets */ = {isa = PBXFileReference; lastKnownFileType = folder.assetcatalog; path = "Preview Assets.xcassets"; sourceTree = "<group>"; };
		1BB5C8042B5C954400CFE2A9 /* DiscountSteamTests.xctest */ = {isa = PBXFileReference; explicitFileType = wrapper.cfbundle; includeInIndex = 0; path = DiscountSteamTests.xctest; sourceTree = BUILT_PRODUCTS_DIR; };
		1BB5C8082B5C954400CFE2A9 /* DiscountSteamTests.swift */ = {isa = PBXFileReference; lastKnownFileType = sourcecode.swift; path = DiscountSteamTests.swift; sourceTree = "<group>"; };
		1BB5C80E2B5C954400CFE2A9 /* DiscountSteamUITests.xctest */ = {isa = PBXFileReference; explicitFileType = wrapper.cfbundle; includeInIndex = 0; path = DiscountSteamUITests.xctest; sourceTree = BUILT_PRODUCTS_DIR; };
		1BB5C8122B5C954400CFE2A9 /* DiscountSteamUITests.swift */ = {isa = PBXFileReference; lastKnownFileType = sourcecode.swift; path = DiscountSteamUITests.swift; sourceTree = "<group>"; };
		1BB5C8142B5C954400CFE2A9 /* DiscountSteamUITestsLaunchTests.swift */ = {isa = PBXFileReference; lastKnownFileType = sourcecode.swift; path = DiscountSteamUITestsLaunchTests.swift; sourceTree = "<group>"; };
		1BB5C8212B5C95B200CFE2A9 /* Games.swift */ = {isa = PBXFileReference; lastKnownFileType = sourcecode.swift; path = Games.swift; sourceTree = "<group>"; };
/* End PBXFileReference section */

/* Begin PBXFrameworksBuildPhase section */
		1BB5C7F02B5C954100CFE2A9 /* Frameworks */ = {
			isa = PBXFrameworksBuildPhase;
			buildActionMask = 2147483647;
			files = (
			);
			runOnlyForDeploymentPostprocessing = 0;
		};
		1BB5C8012B5C954400CFE2A9 /* Frameworks */ = {
			isa = PBXFrameworksBuildPhase;
			buildActionMask = 2147483647;
			files = (
			);
			runOnlyForDeploymentPostprocessing = 0;
		};
		1BB5C80B2B5C954400CFE2A9 /* Frameworks */ = {
			isa = PBXFrameworksBuildPhase;
			buildActionMask = 2147483647;
			files = (
			);
			runOnlyForDeploymentPostprocessing = 0;
		};
/* End PBXFrameworksBuildPhase section */

/* Begin PBXGroup section */
		1BB5C7EA2B5C954100CFE2A9 = {
			isa = PBXGroup;
			children = (
				1BB5C7F52B5C954100CFE2A9 /* DiscountSteam */,
				1BB5C8072B5C954400CFE2A9 /* DiscountSteamTests */,
				1BB5C8112B5C954400CFE2A9 /* DiscountSteamUITests */,
				1BB5C7F42B5C954100CFE2A9 /* Products */,
			);
			sourceTree = "<group>";
		};
		1BB5C7F42B5C954100CFE2A9 /* Products */ = {
			isa = PBXGroup;
			children = (
				1BB5C7F32B5C954100CFE2A9 /* DiscountSteam.app */,
				1BB5C8042B5C954400CFE2A9 /* DiscountSteamTests.xctest */,
				1BB5C80E2B5C954400CFE2A9 /* DiscountSteamUITests.xctest */,
			);
			name = Products;
			sourceTree = "<group>";
		};
		1BB5C7F52B5C954100CFE2A9 /* DiscountSteam */ = {
			isa = PBXGroup;
			children = (
				1BB5C7F62B5C954100CFE2A9 /* DiscountSteamApp.swift */,
				1BB5C7F82B5C954100CFE2A9 /* ContentView.swift */,
				1BB5C7FA2B5C954400CFE2A9 /* Assets.xcassets */,
				1BB5C7FC2B5C954400CFE2A9 /* DiscountSteam.entitlements */,
				1BB5C7FD2B5C954400CFE2A9 /* Preview Content */,
				1BB5C8212B5C95B200CFE2A9 /* Games.swift */,
			);
			path = DiscountSteam;
			sourceTree = "<group>";
		};
		1BB5C7FD2B5C954400CFE2A9 /* Preview Content */ = {
			isa = PBXGroup;
			children = (
				1BB5C7FE2B5C954400CFE2A9 /* Preview Assets.xcassets */,
			);
			path = "Preview Content";
			sourceTree = "<group>";
		};
		1BB5C8072B5C954400CFE2A9 /* DiscountSteamTests */ = {
			isa = PBXGroup;
			children = (
				1BB5C8082B5C954400CFE2A9 /* DiscountSteamTests.swift */,
			);
			path = DiscountSteamTests;
			sourceTree = "<group>";
		};
		1BB5C8112B5C954400CFE2A9 /* DiscountSteamUITests */ = {
			isa = PBXGroup;
			children = (
				1BB5C8122B5C954400CFE2A9 /* DiscountSteamUITests.swift */,
				1BB5C8142B5C954400CFE2A9 /* DiscountSteamUITestsLaunchTests.swift */,
			);
			path = DiscountSteamUITests;
			sourceTree = "<group>";
		};
/* End PBXGroup section */

/* Begin PBXNativeTarget section */
		1BB5C7F22B5C954100CFE2A9 /* DiscountSteam */ = {
			isa = PBXNativeTarget;
			buildConfigurationList = 1BB5C8182B5C954400CFE2A9 /* Build configuration list for PBXNativeTarget "DiscountSteam" */;
			buildPhases = (
				1BB5C7EF2B5C954100CFE2A9 /* Sources */,
				1BB5C7F02B5C954100CFE2A9 /* Frameworks */,
				1BB5C7F12B5C954100CFE2A9 /* Resources */,
			);
			buildRules = (
			);
			dependencies = (
			);
			name = DiscountSteam;
			productName = DiscountSteam;
			productReference = 1BB5C7F32B5C954100CFE2A9 /* DiscountSteam.app */;
			productType = "com.apple.product-type.application";
		};
		1BB5C8032B5C954400CFE2A9 /* DiscountSteamTests */ = {
			isa = PBXNativeTarget;
			buildConfigurationList = 1BB5C81B2B5C954400CFE2A9 /* Build configuration list for PBXNativeTarget "DiscountSteamTests" */;
			buildPhases = (
				1BB5C8002B5C954400CFE2A9 /* Sources */,
				1BB5C8012B5C954400CFE2A9 /* Frameworks */,
				1BB5C8022B5C954400CFE2A9 /* Resources */,
			);
			buildRules = (
			);
			dependencies = (
				1BB5C8062B5C954400CFE2A9 /* PBXTargetDependency */,
			);
			name = DiscountSteamTests;
			productName = DiscountSteamTests;
			productReference = 1BB5C8042B5C954400CFE2A9 /* DiscountSteamTests.xctest */;
			productType = "com.apple.product-type.bundle.unit-test";
		};
		1BB5C80D2B5C954400CFE2A9 /* DiscountSteamUITests */ = {
			isa = PBXNativeTarget;
			buildConfigurationList = 1BB5C81E2B5C954400CFE2A9 /* Build configuration list for PBXNativeTarget "DiscountSteamUITests" */;
			buildPhases = (
				1BB5C80A2B5C954400CFE2A9 /* Sources */,
				1BB5C80B2B5C954400CFE2A9 /* Frameworks */,
				1BB5C80C2B5C954400CFE2A9 /* Resources */,
			);
			buildRules = (
			);
			dependencies = (
				1BB5C8102B5C954400CFE2A9 /* PBXTargetDependency */,
			);
			name = DiscountSteamUITests;
			productName = DiscountSteamUITests;
			productReference = 1BB5C80E2B5C954400CFE2A9 /* DiscountSteamUITests.xctest */;
			productType = "com.apple.product-type.bundle.ui-testing";
		};
/* End PBXNativeTarget section */

/* Begin PBXProject section */
		1BB5C7EB2B5C954100CFE2A9 /* Project object */ = {
			isa = PBXProject;
			attributes = {
				BuildIndependentTargetsInParallel = 1;
				LastSwiftUpdateCheck = 1520;
				LastUpgradeCheck = 1520;
				TargetAttributes = {
					1BB5C7F22B5C954100CFE2A9 = {
						CreatedOnToolsVersion = 15.2;
					};
					1BB5C8032B5C954400CFE2A9 = {
						CreatedOnToolsVersion = 15.2;
						TestTargetID = 1BB5C7F22B5C954100CFE2A9;
					};
					1BB5C80D2B5C954400CFE2A9 = {
						CreatedOnToolsVersion = 15.2;
						TestTargetID = 1BB5C7F22B5C954100CFE2A9;
					};
				};
			};
			buildConfigurationList = 1BB5C7EE2B5C954100CFE2A9 /* Build configuration list for PBXProject "DiscountSteam" */;
			compatibilityVersion = "Xcode 14.0";
			developmentRegion = en;
			hasScannedForEncodings = 0;
			knownRegions = (
				en,
				Base,
			);
			mainGroup = 1BB5C7EA2B5C954100CFE2A9;
			productRefGroup = 1BB5C7F42B5C954100CFE2A9 /* Products */;
			projectDirPath = "";
			projectRoot = "";
			targets = (
				1BB5C7F22B5C954100CFE2A9 /* DiscountSteam */,
				1BB5C8032B5C954400CFE2A9 /* DiscountSteamTests */,
				1BB5C80D2B5C954400CFE2A9 /* DiscountSteamUITests */,
			);
		};
/* End PBXProject section */

/* Begin PBXResourcesBuildPhase section */
		1BB5C7F12B5C954100CFE2A9 /* Resources */ = {
			isa = PBXResourcesBuildPhase;
			buildActionMask = 2147483647;
			files = (
				1BB5C7FF2B5C954400CFE2A9 /* Preview Assets.xcassets in Resources */,
				1BB5C7FB2B5C954400CFE2A9 /* Assets.xcassets in Resources */,
			);
			runOnlyForDeploymentPostprocessing = 0;
		};
		1BB5C8022B5C954400CFE2A9 /* Resources */ = {
			isa = PBXResourcesBuildPhase;
			buildActionMask = 2147483647;
			files = (
			);
			runOnlyForDeploymentPostprocessing = 0;
		};
		1BB5C80C2B5C954400CFE2A9 /* Resources */ = {
			isa = PBXResourcesBuildPhase;
			buildActionMask = 2147483647;
			files = (
			);
			runOnlyForDeploymentPostprocessing = 0;
		};
/* End PBXResourcesBuildPhase section */

/* Begin PBXSourcesBuildPhase section */
		1BB5C7EF2B5C954100CFE2A9 /* Sources */ = {
			isa = PBXSourcesBuildPhase;
			buildActionMask = 2147483647;
			files = (
				1BB5C8222B5C95B200CFE2A9 /* Games.swift in Sources */,
				1BB5C7F92B5C954100CFE2A9 /* ContentView.swift in Sources */,
				1BB5C7F72B5C954100CFE2A9 /* DiscountSteamApp.swift in Sources */,
			);
			runOnlyForDeploymentPostprocessing = 0;
		};
		1BB5C8002B5C954400CFE2A9 /* Sources */ = {
			isa = PBXSourcesBuildPhase;
			buildActionMask = 2147483647;
			files = (
				1BB5C8092B5C954400CFE2A9 /* DiscountSteamTests.swift in Sources */,
			);
			runOnlyForDeploymentPostprocessing = 0;
		};
		1BB5C80A2B5C954400CFE2A9 /* Sources */ = {
			isa = PBXSourcesBuildPhase;
			buildActionMask = 2147483647;
			files = (
				1BB5C8152B5C954400CFE2A9 /* DiscountSteamUITestsLaunchTests.swift in Sources */,
				1BB5C8132B5C954400CFE2A9 /* DiscountSteamUITests.swift in Sources */,
			);
			runOnlyForDeploymentPostprocessing = 0;
		};
/* End PBXSourcesBuildPhase section */

/* Begin PBXTargetDependency section */
		1BB5C8062B5C954400CFE2A9 /* PBXTargetDependency */ = {
			isa = PBXTargetDependency;
			target = 1BB5C7F22B5C954100CFE2A9 /* DiscountSteam */;
			targetProxy = 1BB5C8052B5C954400CFE2A9 /* PBXContainerItemProxy */;
		};
		1BB5C8102B5C954400CFE2A9 /* PBXTargetDependency */ = {
			isa = PBXTargetDependency;
			target = 1BB5C7F22B5C954100CFE2A9 /* DiscountSteam */;
			targetProxy = 1BB5C80F2B5C954400CFE2A9 /* PBXContainerItemProxy */;
		};
/* End PBXTargetDependency section */

/* Begin XCBuildConfiguration section */
		1BB5C8162B5C954400CFE2A9 /* Debug */ = {
			isa = XCBuildConfiguration;
			buildSettings = {
				ALWAYS_SEARCH_USER_PATHS = NO;
				ASSETCATALOG_COMPILER_GENERATE_SWIFT_ASSET_SYMBOL_EXTENSIONS = YES;
				CLANG_ANALYZER_NONNULL = YES;
				CLANG_ANALYZER_NUMBER_OBJECT_CONVERSION = YES_AGGRESSIVE;
				CLANG_CXX_LANGUAGE_STANDARD = "gnu++20";
				CLANG_ENABLE_MODULES = YES;
				CLANG_ENABLE_OBJC_ARC = YES;
				CLANG_ENABLE_OBJC_WEAK = YES;
				CLANG_WARN_BLOCK_CAPTURE_AUTORELEASING = YES;
				CLANG_WARN_BOOL_CONVERSION = YES;
				CLANG_WARN_COMMA = YES;
				CLANG_WARN_CONSTANT_CONVERSION = YES;
				CLANG_WARN_DEPRECATED_OBJC_IMPLEMENTATIONS = YES;
				CLANG_WARN_DIRECT_OBJC_ISA_USAGE = YES_ERROR;
				CLANG_WARN_DOCUMENTATION_COMMENTS = YES;
				CLANG_WARN_EMPTY_BODY = YES;
				CLANG_WARN_ENUM_CONVERSION = YES;
				CLANG_WARN_INFINITE_RECURSION = YES;
				CLANG_WARN_INT_CONVERSION = YES;
				CLANG_WARN_NON_LITERAL_NULL_CONVERSION = YES;
				CLANG_WARN_OBJC_IMPLICIT_RETAIN_SELF = YES;
				CLANG_WARN_OBJC_LITERAL_CONVERSION = YES;
				CLANG_WARN_OBJC_ROOT_CLASS = YES_ERROR;
				CLANG_WARN_QUOTED_INCLUDE_IN_FRAMEWORK_HEADER = YES;
				CLANG_WARN_RANGE_LOOP_ANALYSIS = YES;
				CLANG_WARN_STRICT_PROTOTYPES = YES;
				CLANG_WARN_SUSPICIOUS_MOVE = YES;
				CLANG_WARN_UNGUARDED_AVAILABILITY = YES_AGGRESSIVE;
				CLANG_WARN_UNREACHABLE_CODE = YES;
				CLANG_WARN__DUPLICATE_METHOD_MATCH = YES;
				COPY_PHASE_STRIP = NO;
				DEBUG_INFORMATION_FORMAT = dwarf;
				ENABLE_STRICT_OBJC_MSGSEND = YES;
				ENABLE_TESTABILITY = YES;
				ENABLE_USER_SCRIPT_SANDBOXING = YES;
				GCC_C_LANGUAGE_STANDARD = gnu17;
				GCC_DYNAMIC_NO_PIC = NO;
				GCC_NO_COMMON_BLOCKS = YES;
				GCC_OPTIMIZATION_LEVEL = 0;
				GCC_PREPROCESSOR_DEFINITIONS = (
					"DEBUG=1",
					"$(inherited)",
				);
				GCC_WARN_64_TO_32_BIT_CONVERSION = YES;
				GCC_WARN_ABOUT_RETURN_TYPE = YES_ERROR;
				GCC_WARN_UNDECLARED_SELECTOR = YES;
				GCC_WARN_UNINITIALIZED_AUTOS = YES_AGGRESSIVE;
				GCC_WARN_UNUSED_FUNCTION = YES;
				GCC_WARN_UNUSED_VARIABLE = YES;
				LOCALIZATION_PREFERS_STRING_CATALOGS = YES;
				MTL_ENABLE_DEBUG_INFO = INCLUDE_SOURCE;
				MTL_FAST_MATH = YES;
				ONLY_ACTIVE_ARCH = YES;
				SWIFT_ACTIVE_COMPILATION_CONDITIONS = "DEBUG $(inherited)";
				SWIFT_OPTIMIZATION_LEVEL = "-Onone";
			};
			name = Debug;
		};
		1BB5C8172B5C954400CFE2A9 /* Release */ = {
			isa = XCBuildConfiguration;
			buildSettings = {
				ALWAYS_SEARCH_USER_PATHS = NO;
				ASSETCATALOG_COMPILER_GENERATE_SWIFT_ASSET_SYMBOL_EXTENSIONS = YES;
				CLANG_ANALYZER_NONNULL = YES;
				CLANG_ANALYZER_NUMBER_OBJECT_CONVERSION = YES_AGGRESSIVE;
				CLANG_CXX_LANGUAGE_STANDARD = "gnu++20";
				CLANG_ENABLE_MODULES = YES;
				CLANG_ENABLE_OBJC_ARC = YES;
				CLANG_ENABLE_OBJC_WEAK = YES;
				CLANG_WARN_BLOCK_CAPTURE_AUTORELEASING = YES;
				CLANG_WARN_BOOL_CONVERSION = YES;
				CLANG_WARN_COMMA = YES;
				CLANG_WARN_CONSTANT_CONVERSION = YES;
				CLANG_WARN_DEPRECATED_OBJC_IMPLEMENTATIONS = YES;
				CLANG_WARN_DIRECT_OBJC_ISA_USAGE = YES_ERROR;
				CLANG_WARN_DOCUMENTATION_COMMENTS = YES;
				CLANG_WARN_EMPTY_BODY = YES;
				CLANG_WARN_ENUM_CONVERSION = YES;
				CLANG_WARN_INFINITE_RECURSION = YES;
				CLANG_WARN_INT_CONVERSION = YES;
				CLANG_WARN_NON_LITERAL_NULL_CONVERSION = YES;
				CLANG_WARN_OBJC_IMPLICIT_RETAIN_SELF = YES;
				CLANG_WARN_OBJC_LITERAL_CONVERSION = YES;
				CLANG_WARN_OBJC_ROOT_CLASS = YES_ERROR;
				CLANG_WARN_QUOTED_INCLUDE_IN_FRAMEWORK_HEADER = YES;
				CLANG_WARN_RANGE_LOOP_ANALYSIS = YES;
				CLANG_WARN_STRICT_PROTOTYPES = YES;
				CLANG_WARN_SUSPICIOUS_MOVE = YES;
				CLANG_WARN_UNGUARDED_AVAILABILITY = YES_AGGRESSIVE;
				CLANG_WARN_UNREACHABLE_CODE = YES;
				CLANG_WARN__DUPLICATE_METHOD_MATCH = YES;
				COPY_PHASE_STRIP = NO;
				DEBUG_INFORMATION_FORMAT = "dwarf-with-dsym";
				ENABLE_NS_ASSERTIONS = NO;
				ENABLE_STRICT_OBJC_MSGSEND = YES;
				ENABLE_USER_SCRIPT_SANDBOXING = YES;
				GCC_C_LANGUAGE_STANDARD = gnu17;
				GCC_NO_COMMON_BLOCKS = YES;
				GCC_WARN_64_TO_32_BIT_CONVERSION = YES;
				GCC_WARN_ABOUT_RETURN_TYPE = YES_ERROR;
				GCC_WARN_UNDECLARED_SELECTOR = YES;
				GCC_WARN_UNINITIALIZED_AUTOS = YES_AGGRESSIVE;
				GCC_WARN_UNUSED_FUNCTION = YES;
				GCC_WARN_UNUSED_VARIABLE = YES;
				LOCALIZATION_PREFERS_STRING_CATALOGS = YES;
				MTL_ENABLE_DEBUG_INFO = NO;
				MTL_FAST_MATH = YES;
				SWIFT_COMPILATION_MODE = wholemodule;
			};
			name = Release;
		};
		1BB5C8192B5C954400CFE2A9 /* Debug */ = {
			isa = XCBuildConfiguration;
			buildSettings = {
				ASSETCATALOG_COMPILER_APPICON_NAME = AppIcon;
				ASSETCATALOG_COMPILER_GLOBAL_ACCENT_COLOR_NAME = AccentColor;
				CODE_SIGN_ENTITLEMENTS = DiscountSteam/DiscountSteam.entitlements;
				CODE_SIGN_STYLE = Automatic;
				CURRENT_PROJECT_VERSION = 1;
				DEVELOPMENT_ASSET_PATHS = "\"DiscountSteam/Preview Content\"";
				ENABLE_PREVIEWS = YES;
				GENERATE_INFOPLIST_FILE = YES;
				"INFOPLIST_KEY_UIApplicationSceneManifest_Generation[sdk=iphoneos*]" = YES;
				"INFOPLIST_KEY_UIApplicationSceneManifest_Generation[sdk=iphonesimulator*]" = YES;
				"INFOPLIST_KEY_UIApplicationSupportsIndirectInputEvents[sdk=iphoneos*]" = YES;
				"INFOPLIST_KEY_UIApplicationSupportsIndirectInputEvents[sdk=iphonesimulator*]" = YES;
				"INFOPLIST_KEY_UILaunchScreen_Generation[sdk=iphoneos*]" = YES;
				"INFOPLIST_KEY_UILaunchScreen_Generation[sdk=iphonesimulator*]" = YES;
				"INFOPLIST_KEY_UIStatusBarStyle[sdk=iphoneos*]" = UIStatusBarStyleDefault;
				"INFOPLIST_KEY_UIStatusBarStyle[sdk=iphonesimulator*]" = UIStatusBarStyleDefault;
				INFOPLIST_KEY_UISupportedInterfaceOrientations_iPad = "UIInterfaceOrientationPortrait UIInterfaceOrientationPortraitUpsideDown UIInterfaceOrientationLandscapeLeft UIInterfaceOrientationLandscapeRight";
				INFOPLIST_KEY_UISupportedInterfaceOrientations_iPhone = "UIInterfaceOrientationPortrait UIInterfaceOrientationLandscapeLeft UIInterfaceOrientationLandscapeRight";
				IPHONEOS_DEPLOYMENT_TARGET = 17.2;
				LD_RUNPATH_SEARCH_PATHS = "@executable_path/Frameworks";
				"LD_RUNPATH_SEARCH_PATHS[sdk=macosx*]" = "@executable_path/../Frameworks";
				MACOSX_DEPLOYMENT_TARGET = 13.6;
				MARKETING_VERSION = 1.0;
				PRODUCT_BUNDLE_IDENTIFIER = com.incrementapp.DiscountSteam;
				PRODUCT_NAME = "$(TARGET_NAME)";
				SDKROOT = auto;
				SUPPORTED_PLATFORMS = "iphoneos iphonesimulator macosx";
				SWIFT_EMIT_LOC_STRINGS = YES;
				SWIFT_VERSION = 5.0;
				TARGETED_DEVICE_FAMILY = "1,2";
			};
			name = Debug;
		};
		1BB5C81A2B5C954400CFE2A9 /* Release */ = {
			isa = XCBuildConfiguration;
			buildSettings = {
				ASSETCATALOG_COMPILER_APPICON_NAME = AppIcon;
				ASSETCATALOG_COMPILER_GLOBAL_ACCENT_COLOR_NAME = AccentColor;
				CODE_SIGN_ENTITLEMENTS = DiscountSteam/DiscountSteam.entitlements;
				CODE_SIGN_STYLE = Automatic;
				CURRENT_PROJECT_VERSION = 1;
				DEVELOPMENT_ASSET_PATHS = "\"DiscountSteam/Preview Content\"";
				ENABLE_PREVIEWS = YES;
				GENERATE_INFOPLIST_FILE = YES;
				"INFOPLIST_KEY_UIApplicationSceneManifest_Generation[sdk=iphoneos*]" = YES;
				"INFOPLIST_KEY_UIApplicationSceneManifest_Generation[sdk=iphonesimulator*]" = YES;
				"INFOPLIST_KEY_UIApplicationSupportsIndirectInputEvents[sdk=iphoneos*]" = YES;
				"INFOPLIST_KEY_UIApplicationSupportsIndirectInputEvents[sdk=iphonesimulator*]" = YES;
				"INFOPLIST_KEY_UILaunchScreen_Generation[sdk=iphoneos*]" = YES;
				"INFOPLIST_KEY_UILaunchScreen_Generation[sdk=iphonesimulator*]" = YES;
				"INFOPLIST_KEY_UIStatusBarStyle[sdk=iphoneos*]" = UIStatusBarStyleDefault;
				"INFOPLIST_KEY_UIStatusBarStyle[sdk=iphonesimulator*]" = UIStatusBarStyleDefault;
				INFOPLIST_KEY_UISupportedInterfaceOrientations_iPad = "UIInterfaceOrientationPortrait UIInterfaceOrientationPortraitUpsideDown UIInterfaceOrientationLandscapeLeft UIInterfaceOrientationLandscapeRight";
				INFOPLIST_KEY_UISupportedInterfaceOrientations_iPhone = "UIInterfaceOrientationPortrait UIInterfaceOrientationLandscapeLeft UIInterfaceOrientationLandscapeRight";
				IPHONEOS_DEPLOYMENT_TARGET = 17.2;
				LD_RUNPATH_SEARCH_PATHS = "@executable_path/Frameworks";
				"LD_RUNPATH_SEARCH_PATHS[sdk=macosx*]" = "@executable_path/../Frameworks";
				MACOSX_DEPLOYMENT_TARGET = 13.6;
				MARKETING_VERSION = 1.0;
				PRODUCT_BUNDLE_IDENTIFIER = com.incrementapp.DiscountSteam;
				PRODUCT_NAME = "$(TARGET_NAME)";
				SDKROOT = auto;
				SUPPORTED_PLATFORMS = "iphoneos iphonesimulator macosx";
				SWIFT_EMIT_LOC_STRINGS = YES;
				SWIFT_VERSION = 5.0;
				TARGETED_DEVICE_FAMILY = "1,2";
			};
			name = Release;
		};
		1BB5C81C2B5C954400CFE2A9 /* Debug */ = {
			isa = XCBuildConfiguration;
			buildSettings = {
				ALWAYS_EMBED_SWIFT_STANDARD_LIBRARIES = YES;
				BUNDLE_LOADER = "$(TEST_HOST)";
				CODE_SIGN_STYLE = Automatic;
				CURRENT_PROJECT_VERSION = 1;
				GENERATE_INFOPLIST_FILE = YES;
				IPHONEOS_DEPLOYMENT_TARGET = 17.2;
				MACOSX_DEPLOYMENT_TARGET = 13.6;
				MARKETING_VERSION = 1.0;
				PRODUCT_BUNDLE_IDENTIFIER = com.incrementapp.DiscountSteamTests;
				PRODUCT_NAME = "$(TARGET_NAME)";
				SDKROOT = auto;
				SUPPORTED_PLATFORMS = "iphoneos iphonesimulator macosx";
				SWIFT_EMIT_LOC_STRINGS = NO;
				SWIFT_VERSION = 5.0;
				TARGETED_DEVICE_FAMILY = "1,2";
				TEST_HOST = "$(BUILT_PRODUCTS_DIR)/DiscountSteam.app/$(BUNDLE_EXECUTABLE_FOLDER_PATH)/DiscountSteam";
			};
			name = Debug;
		};
		1BB5C81D2B5C954400CFE2A9 /* Release */ = {
			isa = XCBuildConfiguration;
			buildSettings = {
				ALWAYS_EMBED_SWIFT_STANDARD_LIBRARIES = YES;
				BUNDLE_LOADER = "$(TEST_HOST)";
				CODE_SIGN_STYLE = Automatic;
				CURRENT_PROJECT_VERSION = 1;
				GENERATE_INFOPLIST_FILE = YES;
				IPHONEOS_DEPLOYMENT_TARGET = 17.2;
				MACOSX_DEPLOYMENT_TARGET = 13.6;
				MARKETING_VERSION = 1.0;
				PRODUCT_BUNDLE_IDENTIFIER = com.incrementapp.DiscountSteamTests;
				PRODUCT_NAME = "$(TARGET_NAME)";
				SDKROOT = auto;
				SUPPORTED_PLATFORMS = "iphoneos iphonesimulator macosx";
				SWIFT_EMIT_LOC_STRINGS = NO;
				SWIFT_VERSION = 5.0;
				TARGETED_DEVICE_FAMILY = "1,2";
				TEST_HOST = "$(BUILT_PRODUCTS_DIR)/DiscountSteam.app/$(BUNDLE_EXECUTABLE_FOLDER_PATH)/DiscountSteam";
			};
			name = Release;
		};
		1BB5C81F2B5C954400CFE2A9 /* Debug */ = {
			isa = XCBuildConfiguration;
			buildSettings = {
				ALWAYS_EMBED_SWIFT_STANDARD_LIBRARIES = YES;
				CODE_SIGN_STYLE = Automatic;
				CURRENT_PROJECT_VERSION = 1;
				GENERATE_INFOPLIST_FILE = YES;
				IPHONEOS_DEPLOYMENT_TARGET = 17.2;
				MACOSX_DEPLOYMENT_TARGET = 13.6;
				MARKETING_VERSION = 1.0;
				PRODUCT_BUNDLE_IDENTIFIER = com.incrementapp.DiscountSteamUITests;
				PRODUCT_NAME = "$(TARGET_NAME)";
				SDKROOT = auto;
				SUPPORTED_PLATFORMS = "iphoneos iphonesimulator macosx";
				SWIFT_EMIT_LOC_STRINGS = NO;
				SWIFT_VERSION = 5.0;
				TARGETED_DEVICE_FAMILY = "1,2";
				TEST_TARGET_NAME = DiscountSteam;
			};
			name = Debug;
		};
		1BB5C8202B5C954400CFE2A9 /* Release */ = {
			isa = XCBuildConfiguration;
			buildSettings = {
				ALWAYS_EMBED_SWIFT_STANDARD_LIBRARIES = YES;
				CODE_SIGN_STYLE = Automatic;
				CURRENT_PROJECT_VERSION = 1;
				GENERATE_INFOPLIST_FILE = YES;
				IPHONEOS_DEPLOYMENT_TARGET = 17.2;
				MACOSX_DEPLOYMENT_TARGET = 13.6;
				MARKETING_VERSION = 1.0;
				PRODUCT_BUNDLE_IDENTIFIER = com.incrementapp.DiscountSteamUITests;
				PRODUCT_NAME = "$(TARGET_NAME)";
				SDKROOT = auto;
				SUPPORTED_PLATFORMS = "iphoneos iphonesimulator macosx";
				SWIFT_EMIT_LOC_STRINGS = NO;
				SWIFT_VERSION = 5.0;
				TARGETED_DEVICE_FAMILY = "1,2";
				TEST_TARGET_NAME = DiscountSteam;
			};
			name = Release;
		};
/* End XCBuildConfiguration section */

/* Begin XCConfigurationList section */
		1BB5C7EE2B5C954100CFE2A9 /* Build configuration list for PBXProject "DiscountSteam" */ = {
			isa = XCConfigurationList;
			buildConfigurations = (
				1BB5C8162B5C954400CFE2A9 /* Debug */,
				1BB5C8172B5C954400CFE2A9 /* Release */,
			);
			defaultConfigurationIsVisible = 0;
			defaultConfigurationName = Release;
		};
		1BB5C8182B5C954400CFE2A9 /* Build configuration list for PBXNativeTarget "DiscountSteam" */ = {
			isa = XCConfigurationList;
			buildConfigurations = (
				1BB5C8192B5C954400CFE2A9 /* Debug */,
				1BB5C81A2B5C954400CFE2A9 /* Release */,
			);
			defaultConfigurationIsVisible = 0;
			defaultConfigurationName = Release;
		};
		1BB5C81B2B5C954400CFE2A9 /* Build configuration list for PBXNativeTarget "DiscountSteamTests" */ = {
			isa = XCConfigurationList;
			buildConfigurations = (
				1BB5C81C2B5C954400CFE2A9 /* Debug */,
				1BB5C81D2B5C954400CFE2A9 /* Release */,
			);
			defaultConfigurationIsVisible = 0;
			defaultConfigurationName = Release;
		};
		1BB5C81E2B5C954400CFE2A9 /* Build configuration list for PBXNativeTarget "DiscountSteamUITests" */ = {
			isa = XCConfigurationList;
			buildConfigurations = (
				1BB5C81F2B5C954400CFE2A9 /* Debug */,
				1BB5C8202B5C954400CFE2A9 /* Release */,
			);
			defaultConfigurationIsVisible = 0;
			defaultConfigurationName = Release;
		};
/* End XCConfigurationList section */
	};
	rootObject = 1BB5C7EB2B5C954100CFE2A9 /* Project object */;
}
